
Microsoft Visual Studio Solution File, Format Version 12.00
# Visual Studio Version 16
VisualStudioVersion = 16.0.31025.194
MinimumVisualStudioVersion = 10.0.40219.1
Project("{FAE04EC0-301F-11D3-BF4B-00C04F79EFBC}") = "Bombones.BL", "Bombones.BL\Bombones.BL.csproj", "{AECDB171-8213-4BC6-BF1A-4CAE3BBBE3DD}"
EndProject
Project("{FAE04EC0-301F-11D3-BF4B-00C04F79EFBC}") = "Bombones.Data", "Bombones.Data\Bombones.Data.csproj", "{1A3A7F1C-733E-4864-8D1E-17B5315F01F7}"
EndProject
Project("{FAE04EC0-301F-11D3-BF4B-00C04F79EFBC}") = "Bombones.Servicios", "Bombones.Servicios\Bombones.Servicios.csproj", "{8351DDC2-B36C-4CE6-84DE-9D0BDD922EAC}"
EndProject
Project("{FAE04EC0-301F-11D3-BF4B-00C04F79EFBC}") = "Bombones.Windows", "Bombones.Windows\Bombones.Windows.csproj", "{F44C17E1-DAF5-41BD-AE81-7C8ED7A04D7C}"
EndProject
Global
	GlobalSection(SolutionConfigurationPlatforms) = preSolution
		Debug|Any CPU = Debug|Any CPU
		Release|Any CPU = Release|Any CPU
	EndGlobalSection
	GlobalSection(ProjectConfigurationPlatforms) = postSolution
		{AECDB171-8213-4BC6-BF1A-4CAE3BBBE3DD}.Debug|Any CPU.ActiveCfg = Debug|Any CPU
		{AECDB171-8213-4BC6-BF1A-4CAE3BBBE3DD}.Debug|Any CPU.Build.0 = Debug|Any CPU
		{AECDB171-8213-4BC6-BF1A-4CAE3BBBE3DD}.Release|Any CPU.ActiveCfg = Release|Any CPU
		{AECDB171-8213-4BC6-BF1A-4CAE3BBBE3DD}.Release|Any CPU.Build.0 = Release|Any CPU
		{1A3A7F1C-733E-4864-8D1E-17B5315F01F7}.Debug|Any CPU.ActiveCfg = Debug|Any CPU
		{1A3A7F1C-733E-4864-8D1E-17B5315F01F7}.Debug|Any CPU.Build.0 = Debug|Any CPU
		{1A3A7F1C-733E-4864-8D1E-17B5315F01F7}.Release|Any CPU.ActiveCfg = Release|Any CPU
		{1A3A7F1C-733E-4864-8D1E-17B5315F01F7}.Release|Any CPU.Build.0 = Release|Any CPU
		{8351DDC2-B36C-4CE6-84DE-9D0BDD922EAC}.Debug|Any CPU.ActiveCfg = Debug|Any CPU
		{8351DDC2-B36C-4CE6-84DE-9D0BDD922EAC}.Debug|Any CPU.Build.0 = Debug|Any CPU
		{8351DDC2-B36C-4CE6-84DE-9D0BDD922EAC}.Release|Any CPU.ActiveCfg = Release|Any CPU
		{8351DDC2-B36C-4CE6-84DE-9D0BDD922EAC}.Release|Any CPU.Build.0 = Release|Any CPU
		{F44C17E1-DAF5-41BD-AE81-7C8ED7A04D7C}.Debug|Any CPU.ActiveCfg = Debug|Any CPU
		{F44C17E1-DAF5-41BD-AE81-7C8ED7A04D7C}.Debug|Any CPU.Build.0 = Debug|Any CPU
		{F44C17E1-DAF5-41BD-AE81-7C8ED7A04D7C}.Release|Any CPU.ActiveCfg = Release|Any CPU
		{F44C17E1-DAF5-41BD-AE81-7C8ED7A04D7C}.Release|Any CPU.Build.0 = Release|Any CPU
	EndGlobalSection
	GlobalSection(SolutionProperties) = preSolution
		HideSolutionNode = FALSE
	EndGlobalSection
	GlobalSection(ExtensibilityGlobals) = postSolution
		SolutionGuid = {637D1B19-44A9-4105-AFA7-5EE3E8E137E3}
	EndGlobalSection
EndGlobal
